{
  "name": "68",
  "version": "1.0.0",
  "lockfileVersion": 1,
  "requires": true,
  "dependencies": {
    "scroll-behavior-polyfill": {
      "version": "2.0.13",
      "resolved": "https://registry.npmjs.org/scroll-behavior-polyfill/-/scroll-behavior-polyfill-2.0.13.tgz",
      "integrity": "sha512-X1AC6+k0++Y3XOT8Likr5Dh4XMmwvbTolr3Mp2g1jYPpOQ3++wff/JPfPEK6zqPCkZ88Ac0/OMRW/Uwh16U+HQ=="
    },
    "smoothscroll-polyfill": {
      "version": "0.4.4",
      "resolved": "https://registry.npmjs.org/smoothscroll-polyfill/-/smoothscroll-polyfill-0.4.4.tgz",
      "integrity": "sha512-TK5ZA9U5RqCwMpfoMq/l1mrH0JAR7y7KRvOBx0n2869aLxch+gT9GhN3yUfjiw+d/DiF1mKo14+hd62JyMmoBg=="
    }
  }
}
